
Microsoft Visual Studio Solution File, Format Version 12.00
# Visual Studio Version 17
VisualStudioVersion = 17.7.34024.191
MinimumVisualStudioVersion = 10.0.40219.1
Project("{FAE04EC0-301F-11D3-BF4B-00C04F79EFBC}") = "todoList", "todoList\todoList.csproj", "{60979748-6BB2-4B84-B74B-78522BA46EC8}"
EndProject
Global
	GlobalSection(SolutionConfigurationPlatforms) = preSolution
		Debug|Any CPU = Debug|Any CPU
		Release|Any CPU = Release|Any CPU
	EndGlobalSection
	GlobalSection(ProjectConfigurationPlatforms) = postSolution
		{60979748-6BB2-4B84-B74B-78522BA46EC8}.Debug|Any CPU.ActiveCfg = Debug|Any CPU
		{60979748-6BB2-4B84-B74B-78522BA46EC8}.Debug|Any CPU.Build.0 = Debug|Any CPU
		{60979748-6BB2-4B84-B74B-78522BA46EC8}.Release|Any CPU.ActiveCfg = Release|Any CPU
		{60979748-6BB2-4B84-B74B-78522BA46EC8}.Release|Any CPU.Build.0 = Release|Any CPU
	EndGlobalSection
	GlobalSection(SolutionProperties) = preSolution
		HideSolutionNode = FALSE
	EndGlobalSection
	GlobalSection(ExtensibilityGlobals) = postSolution
		SolutionGuid = {ADE95152-613C-4091-A571-2B7815A57CF6}
	EndGlobalSection
EndGlobal
